
Microsoft Visual Studio Solution File, Format Version 12.00
# Visual Studio Version 17
VisualStudioVersion = 17.4.33213.308
MinimumVisualStudioVersion = 10.0.40219.1
Project("{FAE04EC0-301F-11D3-BF4B-00C04F79EFBC}") = "HealthRegister", "HealthRegister\HealthRegister.csproj", "{AC8DD68A-B556-4BAB-953B-E9C08620FDB4}"
EndProject
Global
	GlobalSection(SolutionConfigurationPlatforms) = preSolution
		Debug|Any CPU = Debug|Any CPU
		Release|Any CPU = Release|Any CPU
	EndGlobalSection
	GlobalSection(ProjectConfigurationPlatforms) = postSolution
		{AC8DD68A-B556-4BAB-953B-E9C08620FDB4}.Debug|Any CPU.ActiveCfg = Debug|Any CPU
		{AC8DD68A-B556-4BAB-953B-E9C08620FDB4}.Debug|Any CPU.Build.0 = Debug|Any CPU
		{AC8DD68A-B556-4BAB-953B-E9C08620FDB4}.Release|Any CPU.ActiveCfg = Release|Any CPU
		{AC8DD68A-B556-4BAB-953B-E9C08620FDB4}.Release|Any CPU.Build.0 = Release|Any CPU
	EndGlobalSection
	GlobalSection(SolutionProperties) = preSolution
		HideSolutionNode = FALSE
	EndGlobalSection
	GlobalSection(ExtensibilityGlobals) = postSolution
		SolutionGuid = {3C8AE5CC-9173-4B21-8BB6-ACFB08FC0C8F}
	EndGlobalSection
EndGlobal
